
Microsoft Visual Studio Solution File, Format Version 12.00
# Visual Studio Version 17
VisualStudioVersion = 17.13.35931.197 d17.13
MinimumVisualStudioVersion = 10.0.40219.1
Project("{FAE04EC0-301F-11D3-BF4B-00C04F79EFBC}") = "Presentation.WebApi", "Presentation.WebApi\Presentation.WebApi.csproj", "{CF9EEB40-29A4-49DE-A39D-32E7E9DF6F32}"
EndProject
Global
	GlobalSection(SolutionConfigurationPlatforms) = preSolution
		Debug|Any CPU = Debug|Any CPU
		Release|Any CPU = Release|Any CPU
	EndGlobalSection
	GlobalSection(ProjectConfigurationPlatforms) = postSolution
		{CF9EEB40-29A4-49DE-A39D-32E7E9DF6F32}.Debug|Any CPU.ActiveCfg = Debug|Any CPU
		{CF9EEB40-29A4-49DE-A39D-32E7E9DF6F32}.Debug|Any CPU.Build.0 = Debug|Any CPU
		{CF9EEB40-29A4-49DE-A39D-32E7E9DF6F32}.Release|Any CPU.ActiveCfg = Release|Any CPU
		{CF9EEB40-29A4-49DE-A39D-32E7E9DF6F32}.Release|Any CPU.Build.0 = Release|Any CPU
	EndGlobalSection
	GlobalSection(SolutionProperties) = preSolution
		HideSolutionNode = FALSE
	EndGlobalSection
	GlobalSection(ExtensibilityGlobals) = postSolution
		SolutionGuid = {30CF26CB-8C80-407F-86CE-096A01AC0A41}
	EndGlobalSection
EndGlobal
