
Microsoft Visual Studio Solution File, Format Version 12.00
# Visual Studio Version 17
VisualStudioVersion = 17.13.35931.197 d17.13
MinimumVisualStudioVersion = 10.0.40219.1
Project("{FAE04EC0-301F-11D3-BF4B-00C04F79EFBC}") = "WebApp", "WebApp\WebApp.csproj", "{EA3FB516-D35E-4A5D-B291-EEF8F88BF63C}"
EndProject
Global
	GlobalSection(SolutionConfigurationPlatforms) = preSolution
		Debug|Any CPU = Debug|Any CPU
		Release|Any CPU = Release|Any CPU
	EndGlobalSection
	GlobalSection(ProjectConfigurationPlatforms) = postSolution
		{EA3FB516-D35E-4A5D-B291-EEF8F88BF63C}.Debug|Any CPU.ActiveCfg = Debug|Any CPU
		{EA3FB516-D35E-4A5D-B291-EEF8F88BF63C}.Debug|Any CPU.Build.0 = Debug|Any CPU
		{EA3FB516-D35E-4A5D-B291-EEF8F88BF63C}.Release|Any CPU.ActiveCfg = Release|Any CPU
		{EA3FB516-D35E-4A5D-B291-EEF8F88BF63C}.Release|Any CPU.Build.0 = Release|Any CPU
	EndGlobalSection
	GlobalSection(SolutionProperties) = preSolution
		HideSolutionNode = FALSE
	EndGlobalSection
	GlobalSection(ExtensibilityGlobals) = postSolution
		SolutionGuid = {09272560-ABC2-4D76-A5B5-5EDEC3697DC2}
	EndGlobalSection
EndGlobal
